
Microsoft Visual Studio Solution File, Format Version 12.00
# Visual Studio 15
VisualStudioVersion = 15.0.27130.2027
MinimumVisualStudioVersion = 10.0.40219.1
Project("{9A19103F-16F7-4668-BE54-9A1E7A4F7556}") = "CheapAwesomeServices", "CheapAwesomeServices\CheapAwesomeServices.csproj", "{49B1807A-4564-46F9-8811-FABDC699AD98}"
EndProject
Project("{FAE04EC0-301F-11D3-BF4B-00C04F79EFBC}") = "Contracts", "Contracts\Contracts.csproj", "{8E955425-8FA5-4BE5-ABCE-981BFED28139}"
EndProject
Global
	GlobalSection(SolutionConfigurationPlatforms) = preSolution
		Debug|Any CPU = Debug|Any CPU
		Release|Any CPU = Release|Any CPU
	EndGlobalSection
	GlobalSection(ProjectConfigurationPlatforms) = postSolution
		{49B1807A-4564-46F9-8811-FABDC699AD98}.Debug|Any CPU.ActiveCfg = Debug|Any CPU
		{49B1807A-4564-46F9-8811-FABDC699AD98}.Debug|Any CPU.Build.0 = Debug|Any CPU
		{49B1807A-4564-46F9-8811-FABDC699AD98}.Release|Any CPU.ActiveCfg = Release|Any CPU
		{49B1807A-4564-46F9-8811-FABDC699AD98}.Release|Any CPU.Build.0 = Release|Any CPU
		{8E955425-8FA5-4BE5-ABCE-981BFED28139}.Debug|Any CPU.ActiveCfg = Debug|Any CPU
		{8E955425-8FA5-4BE5-ABCE-981BFED28139}.Debug|Any CPU.Build.0 = Debug|Any CPU
		{8E955425-8FA5-4BE5-ABCE-981BFED28139}.Release|Any CPU.ActiveCfg = Release|Any CPU
		{8E955425-8FA5-4BE5-ABCE-981BFED28139}.Release|Any CPU.Build.0 = Release|Any CPU
	EndGlobalSection
	GlobalSection(SolutionProperties) = preSolution
		HideSolutionNode = FALSE
	EndGlobalSection
	GlobalSection(ExtensibilityGlobals) = postSolution
		SolutionGuid = {9DCA8DEE-EBEE-447E-AC56-823616C29B4B}
	EndGlobalSection
EndGlobal
